// !$*UTF8*$!
{
	archiveVersion = 1;
	classes = {
	};
	objectVersion = 50;
	objects = {

/* Begin PBXBuildFile section */
		84424457225C46CD00EB432E /* AppDelegate.m in Sources */ = {isa = PBXBuildFile; fileRef = 84424456225C46CD00EB432E /* AppDelegate.m */; };
		8442445A225C46CD00EB432E /* ViewController.m in Sources */ = {isa = PBXBuildFile; fileRef = 84424459225C46CD00EB432E /* ViewController.m */; };
		8442445D225C46CD00EB432E /* Main.storyboard in Resources */ = {isa = PBXBuildFile; fileRef = 8442445B225C46CD00EB432E /* Main.storyboard */; };
		8442445F225C46CE00EB432E /* Assets.xcassets in Resources */ = {isa = PBXBuildFile; fileRef = 8442445E225C46CE00EB432E /* Assets.xcassets */; };
		84424462225C46CE00EB432E /* LaunchScreen.storyboard in Resources */ = {isa = PBXBuildFile; fileRef = 84424460225C46CE00EB432E /* LaunchScreen.storyboard */; };
		84424465225C46CE00EB432E /* main.m in Sources */ = {isa = PBXBuildFile; fileRef = 84424464225C46CE00EB432E /* main.m */; };
		8442446F225C46CE00EB432E /* CZUIComponentTests.m in Sources */ = {isa = PBXBuildFile; fileRef = 8442446E225C46CE00EB432E /* CZUIComponentTests.m */; };
		8442447A225C46CE00EB432E /* CZUIComponentUITests.m in Sources */ = {isa = PBXBuildFile; fileRef = 84424479225C46CE00EB432E /* CZUIComponentUITests.m */; };
		8442448A225C46F200EB432E /* CZOnePixelView.m in Sources */ = {isa = PBXBuildFile; fileRef = 84424489225C46F200EB432E /* CZOnePixelView.m */; };
/* End PBXBuildFile section */

/* Begin PBXContainerItemProxy section */
		8442446B225C46CE00EB432E /* PBXContainerItemProxy */ = {
			isa = PBXContainerItemProxy;
			containerPortal = 8442444A225C46CD00EB432E /* Project object */;
			proxyType = 1;
			remoteGlobalIDString = 84424451225C46CD00EB432E;
			remoteInfo = CZUIComponent;
		};
		84424476225C46CE00EB432E /* PBXContainerItemProxy */ = {
			isa = PBXContainerItemProxy;
			containerPortal = 8442444A225C46CD00EB432E /* Project object */;
			proxyType = 1;
			remoteGlobalIDString = 84424451225C46CD00EB432E;
			remoteInfo = CZUIComponent;
		};
/* End PBXContainerItemProxy section */

/* Begin PBXFileReference section */
		84424452225C46CD00EB432E /* CZUIComponent.app */ = {isa = PBXFileReference; explicitFileType = wrapper.application; includeInIndex = 0; path = CZUIComponent.app; sourceTree = BUILT_PRODUCTS_DIR; };
		84424455225C46CD00EB432E /* AppDelegate.h */ = {isa = PBXFileReference; lastKnownFileType = sourcecode.c.h; path = AppDelegate.h; sourceTree = "<group>"; };
		84424456225C46CD00EB432E /* AppDelegate.m */ = {isa = PBXFileReference; lastKnownFileType = sourcecode.c.objc; path = AppDelegate.m; sourceTree = "<group>"; };
		84424458225C46CD00EB432E /* ViewController.h */ = {isa = PBXFileReference; lastKnownFileType = sourcecode.c.h; path = ViewController.h; sourceTree = "<group>"; };
		84424459225C46CD00EB432E /* ViewController.m */ = {isa = PBXFileReference; lastKnownFileType = sourcecode.c.objc; path = ViewController.m; sourceTree = "<group>"; };
		8442445C225C46CD00EB432E /* Base */ = {isa = PBXFileReference; lastKnownFileType = file.storyboard; name = Base; path = Base.lproj/Main.storyboard; sourceTree = "<group>"; };
		8442445E225C46CE00EB432E /* Assets.xcassets */ = {isa = PBXFileReference; lastKnownFileType = folder.assetcatalog; path = Assets.xcassets; sourceTree = "<group>"; };
		84424461225C46CE00EB432E /* Base */ = {isa = PBXFileReference; lastKnownFileType = file.storyboard; name = Base; path = Base.lproj/LaunchScreen.storyboard; sourceTree = "<group>"; };
		84424463225C46CE00EB432E /* Info.plist */ = {isa = PBXFileReference; lastKnownFileType = text.plist.xml; path = Info.plist; sourceTree = "<group>"; };
		84424464225C46CE00EB432E /* main.m */ = {isa = PBXFileReference; lastKnownFileType = sourcecode.c.objc; path = main.m; sourceTree = "<group>"; };
		8442446A225C46CE00EB432E /* CZUIComponentTests.xctest */ = {isa = PBXFileReference; explicitFileType = wrapper.cfbundle; includeInIndex = 0; path = CZUIComponentTests.xctest; sourceTree = BUILT_PRODUCTS_DIR; };
		8442446E225C46CE00EB432E /* CZUIComponentTests.m */ = {isa = PBXFileReference; lastKnownFileType = sourcecode.c.objc; path = CZUIComponentTests.m; sourceTree = "<group>"; };
		84424470225C46CE00EB432E /* Info.plist */ = {isa = PBXFileReference; lastKnownFileType = text.plist.xml; path = Info.plist; sourceTree = "<group>"; };
		84424475225C46CE00EB432E /* CZUIComponentUITests.xctest */ = {isa = PBXFileReference; explicitFileType = wrapper.cfbundle; includeInIndex = 0; path = CZUIComponentUITests.xctest; sourceTree = BUILT_PRODUCTS_DIR; };
		84424479225C46CE00EB432E /* CZUIComponentUITests.m */ = {isa = PBXFileReference; lastKnownFileType = sourcecode.c.objc; path = CZUIComponentUITests.m; sourceTree = "<group>"; };
		8442447B225C46CE00EB432E /* Info.plist */ = {isa = PBXFileReference; lastKnownFileType = text.plist.xml; path = Info.plist; sourceTree = "<group>"; };
		84424488225C46F200EB432E /* CZOnePixelView.h */ = {isa = PBXFileReference; fileEncoding = 4; lastKnownFileType = sourcecode.c.h; path = CZOnePixelView.h; sourceTree = "<group>"; };
		84424489225C46F200EB432E /* CZOnePixelView.m */ = {isa = PBXFileReference; fileEncoding = 4; lastKnownFileType = sourcecode.c.objc; path = CZOnePixelView.m; sourceTree = "<group>"; };
		844244DB225C495500EB432E /* UIComponentHeader.h */ = {isa = PBXFileReference; fileEncoding = 4; lastKnownFileType = sourcecode.c.h; path = UIComponentHeader.h; sourceTree = "<group>"; };
/* End PBXFileReference section */

/* Begin PBXFrameworksBuildPhase section */
		8442444F225C46CD00EB432E /* Frameworks */ = {
			isa = PBXFrameworksBuildPhase;
			buildActionMask = 2147483647;
			files = (
			);
			runOnlyForDeploymentPostprocessing = 0;
		};
		84424467225C46CE00EB432E /* Frameworks */ = {
			isa = PBXFrameworksBuildPhase;
			buildActionMask = 2147483647;
			files = (
			);
			runOnlyForDeploymentPostprocessing = 0;
		};
		84424472225C46CE00EB432E /* Frameworks */ = {
			isa = PBXFrameworksBuildPhase;
			buildActionMask = 2147483647;
			files = (
			);
			runOnlyForDeploymentPostprocessing = 0;
		};
/* End PBXFrameworksBuildPhase section */

/* Begin PBXGroup section */
		84424449225C46CD00EB432E = {
			isa = PBXGroup;
			children = (
				84424454225C46CD00EB432E /* CZUIComponent */,
				8442446D225C46CE00EB432E /* CZUIComponentTests */,
				84424478225C46CE00EB432E /* CZUIComponentUITests */,
				84424453225C46CD00EB432E /* Products */,
			);
			sourceTree = "<group>";
		};
		84424453225C46CD00EB432E /* Products */ = {
			isa = PBXGroup;
			children = (
				84424452225C46CD00EB432E /* CZUIComponent.app */,
				8442446A225C46CE00EB432E /* CZUIComponentTests.xctest */,
				84424475225C46CE00EB432E /* CZUIComponentUITests.xctest */,
			);
			name = Products;
			sourceTree = "<group>";
		};
		84424454225C46CD00EB432E /* CZUIComponent */ = {
			isa = PBXGroup;
			children = (
				84424487225C46DA00EB432E /* UIComponent */,
				84424455225C46CD00EB432E /* AppDelegate.h */,
				84424456225C46CD00EB432E /* AppDelegate.m */,
				84424458225C46CD00EB432E /* ViewController.h */,
				84424459225C46CD00EB432E /* ViewController.m */,
				8442445B225C46CD00EB432E /* Main.storyboard */,
				8442445E225C46CE00EB432E /* Assets.xcassets */,
				84424460225C46CE00EB432E /* LaunchScreen.storyboard */,
				84424463225C46CE00EB432E /* Info.plist */,
				84424464225C46CE00EB432E /* main.m */,
			);
			path = CZUIComponent;
			sourceTree = "<group>";
		};
		8442446D225C46CE00EB432E /* CZUIComponentTests */ = {
			isa = PBXGroup;
			children = (
				8442446E225C46CE00EB432E /* CZUIComponentTests.m */,
				84424470225C46CE00EB432E /* Info.plist */,
			);
			path = CZUIComponentTests;
			sourceTree = "<group>";
		};
		84424478225C46CE00EB432E /* CZUIComponentUITests */ = {
			isa = PBXGroup;
			children = (
				84424479225C46CE00EB432E /* CZUIComponentUITests.m */,
				8442447B225C46CE00EB432E /* Info.plist */,
			);
			path = CZUIComponentUITests;
			sourceTree = "<group>";
		};
		84424487225C46DA00EB432E /* UIComponent */ = {
			isa = PBXGroup;
			children = (
				844244DB225C495500EB432E /* UIComponentHeader.h */,
				84424488225C46F200EB432E /* CZOnePixelView.h */,
				84424489225C46F200EB432E /* CZOnePixelView.m */,
			);
			path = UIComponent;
			sourceTree = "<group>";
		};
/* End PBXGroup section */

/* Begin PBXNativeTarget section */
		84424451225C46CD00EB432E /* CZUIComponent */ = {
			isa = PBXNativeTarget;
			buildConfigurationList = 8442447E225C46CE00EB432E /* Build configuration list for PBXNativeTarget "CZUIComponent" */;
			buildPhases = (
				8442444E225C46CD00EB432E /* Sources */,
				8442444F225C46CD00EB432E /* Frameworks */,
				84424450225C46CD00EB432E /* Resources */,
			);
			buildRules = (
			);
			dependencies = (
			);
			name = CZUIComponent;
			productName = CZUIComponent;
			productReference = 84424452225C46CD00EB432E /* CZUIComponent.app */;
			productType = "com.apple.product-type.application";
		};
		84424469225C46CE00EB432E /* CZUIComponentTests */ = {
			isa = PBXNativeTarget;
			buildConfigurationList = 84424481225C46CE00EB432E /* Build configuration list for PBXNativeTarget "CZUIComponentTests" */;
			buildPhases = (
				84424466225C46CE00EB432E /* Sources */,
				84424467225C46CE00EB432E /* Frameworks */,
				84424468225C46CE00EB432E /* Resources */,
			);
			buildRules = (
			);
			dependencies = (
				8442446C225C46CE00EB432E /* PBXTargetDependency */,
			);
			name = CZUIComponentTests;
			productName = CZUIComponentTests;
			productReference = 8442446A225C46CE00EB432E /* CZUIComponentTests.xctest */;
			productType = "com.apple.product-type.bundle.unit-test";
		};
		84424474225C46CE00EB432E /* CZUIComponentUITests */ = {
			isa = PBXNativeTarget;
			buildConfigurationList = 84424484225C46CE00EB432E /* Build configuration list for PBXNativeTarget "CZUIComponentUITests" */;
			buildPhases = (
				84424471225C46CE00EB432E /* Sources */,
				84424472225C46CE00EB432E /* Frameworks */,
				84424473225C46CE00EB432E /* Resources */,
			);
			buildRules = (
			);
			dependencies = (
				84424477225C46CE00EB432E /* PBXTargetDependency */,
			);
			name = CZUIComponentUITests;
			productName = CZUIComponentUITests;
			productReference = 84424475225C46CE00EB432E /* CZUIComponentUITests.xctest */;
			productType = "com.apple.product-type.bundle.ui-testing";
		};
/* End PBXNativeTarget section */

/* Begin PBXProject section */
		8442444A225C46CD00EB432E /* Project object */ = {
			isa = PBXProject;
			attributes = {
				LastUpgradeCheck = 1010;
				ORGANIZATIONNAME = "居祎炜";
				TargetAttributes = {
					84424451225C46CD00EB432E = {
						CreatedOnToolsVersion = 10.1;
					};
					84424469225C46CE00EB432E = {
						CreatedOnToolsVersion = 10.1;
						TestTargetID = 84424451225C46CD00EB432E;
					};
					84424474225C46CE00EB432E = {
						CreatedOnToolsVersion = 10.1;
						TestTargetID = 84424451225C46CD00EB432E;
					};
				};
			};
			buildConfigurationList = 8442444D225C46CD00EB432E /* Build configuration list for PBXProject "CZUIComponent" */;
			compatibilityVersion = "Xcode 9.3";
			developmentRegion = en;
			hasScannedForEncodings = 0;
			knownRegions = (
				en,
				Base,
			);
			mainGroup = 84424449225C46CD00EB432E;
			productRefGroup = 84424453225C46CD00EB432E /* Products */;
			projectDirPath = "";
			projectRoot = "";
			targets = (
				84424451225C46CD00EB432E /* CZUIComponent */,
				84424469225C46CE00EB432E /* CZUIComponentTests */,
				84424474225C46CE00EB432E /* CZUIComponentUITests */,
			);
		};
/* End PBXProject section */

/* Begin PBXResourcesBuildPhase section */
		84424450225C46CD00EB432E /* Resources */ = {
			isa = PBXResourcesBuildPhase;
			buildActionMask = 2147483647;
			files = (
				84424462225C46CE00EB432E /* LaunchScreen.storyboard in Resources */,
				8442445F225C46CE00EB432E /* Assets.xcassets in Resources */,
				8442445D225C46CD00EB432E /* Main.storyboard in Resources */,
			);
			runOnlyForDeploymentPostprocessing = 0;
		};
		84424468225C46CE00EB432E /* Resources */ = {
			isa = PBXResourcesBuildPhase;
			buildActionMask = 2147483647;
			files = (
			);
			runOnlyForDeploymentPostprocessing = 0;
		};
		84424473225C46CE00EB432E /* Resources */ = {
			isa = PBXResourcesBuildPhase;
			buildActionMask = 2147483647;
			files = (
			);
			runOnlyForDeploymentPostprocessing = 0;
		};
/* End PBXResourcesBuildPhase section */

/* Begin PBXSourcesBuildPhase section */
		8442444E225C46CD00EB432E /* Sources */ = {
			isa = PBXSourcesBuildPhase;
			buildActionMask = 2147483647;
			files = (
				8442445A225C46CD00EB432E /* ViewController.m in Sources */,
				84424465225C46CE00EB432E /* main.m in Sources */,
				84424457225C46CD00EB432E /* AppDelegate.m in Sources */,
				8442448A225C46F200EB432E /* CZOnePixelView.m in Sources */,
			);
			runOnlyForDeploymentPostprocessing = 0;
		};
		84424466225C46CE00EB432E /* Sources */ = {
			isa = PBXSourcesBuildPhase;
			buildActionMask = 2147483647;
			files = (
				8442446F225C46CE00EB432E /* CZUIComponentTests.m in Sources */,
			);
			runOnlyForDeploymentPostprocessing = 0;
		};
		84424471225C46CE00EB432E /* Sources */ = {
			isa = PBXSourcesBuildPhase;
			buildActionMask = 2147483647;
			files = (
				8442447A225C46CE00EB432E /* CZUIComponentUITests.m in Sources */,
			);
			runOnlyForDeploymentPostprocessing = 0;
		};
/* End PBXSourcesBuildPhase section */

/* Begin PBXTargetDependency section */
		8442446C225C46CE00EB432E /* PBXTargetDependency */ = {
			isa = PBXTargetDependency;
			target = 84424451225C46CD00EB432E /* CZUIComponent */;
			targetProxy = 8442446B225C46CE00EB432E /* PBXContainerItemProxy */;
		};
		84424477225C46CE00EB432E /* PBXTargetDependency */ = {
			isa = PBXTargetDependency;
			target = 84424451225C46CD00EB432E /* CZUIComponent */;
			targetProxy = 84424476225C46CE00EB432E /* PBXContainerItemProxy */;
		};
/* End PBXTargetDependency section */

/* Begin PBXVariantGroup section */
		8442445B225C46CD00EB432E /* Main.storyboard */ = {
			isa = PBXVariantGroup;
			children = (
				8442445C225C46CD00EB432E /* Base */,
			);
			name = Main.storyboard;
			sourceTree = "<group>";
		};
		84424460225C46CE00EB432E /* LaunchScreen.storyboard */ = {
			isa = PBXVariantGroup;
			children = (
				84424461225C46CE00EB432E /* Base */,
			);
			name = LaunchScreen.storyboard;
			sourceTree = "<group>";
		};
/* End PBXVariantGroup section */

/* Begin XCBuildConfiguration section */
		8442447C225C46CE00EB432E /* Debug */ = {
			isa = XCBuildConfiguration;
			buildSettings = {
				ALWAYS_SEARCH_USER_PATHS = NO;
				CLANG_ANALYZER_NONNULL = YES;
				CLANG_ANALYZER_NUMBER_OBJECT_CONVERSION = YES_AGGRESSIVE;
				CLANG_CXX_LANGUAGE_STANDARD = "gnu++14";
				CLANG_CXX_LIBRARY = "libc++";
				CLANG_ENABLE_MODULES = YES;
				CLANG_ENABLE_OBJC_ARC = YES;
				CLANG_ENABLE_OBJC_WEAK = YES;
				CLANG_WARN_BLOCK_CAPTURE_AUTORELEASING = YES;
				CLANG_WARN_BOOL_CONVERSION = YES;
				CLANG_WARN_COMMA = YES;
				CLANG_WARN_CONSTANT_CONVERSION = YES;
				CLANG_WARN_DEPRECATED_OBJC_IMPLEMENTATIONS = YES;
				CLANG_WARN_DIRECT_OBJC_ISA_USAGE = YES_ERROR;
				CLANG_WARN_DOCUMENTATION_COMMENTS = YES;
				CLANG_WARN_EMPTY_BODY = YES;
				CLANG_WARN_ENUM_CONVERSION = YES;
				CLANG_WARN_INFINITE_RECURSION = YES;
				CLANG_WARN_INT_CONVERSION = YES;
				CLANG_WARN_NON_LITERAL_NULL_CONVERSION = YES;
				CLANG_WARN_OBJC_IMPLICIT_RETAIN_SELF = YES;
				CLANG_WARN_OBJC_LITERAL_CONVERSION = YES;
				CLANG_WARN_OBJC_ROOT_CLASS = YES_ERROR;
				CLANG_WARN_RANGE_LOOP_ANALYSIS = YES;
				CLANG_WARN_STRICT_PROTOTYPES = YES;
				CLANG_WARN_SUSPICIOUS_MOVE = YES;
				CLANG_WARN_UNGUARDED_AVAILABILITY = YES_AGGRESSIVE;
				CLANG_WARN_UNREACHABLE_CODE = YES;
				CLANG_WARN__DUPLICATE_METHOD_MATCH = YES;
				CODE_SIGN_IDENTITY = "iPhone Developer";
				COPY_PHASE_STRIP = NO;
				DEBUG_INFORMATION_FORMAT = dwarf;
				ENABLE_STRICT_OBJC_MSGSEND = YES;
				ENABLE_TESTABILITY = YES;
				GCC_C_LANGUAGE_STANDARD = gnu11;
				GCC_DYNAMIC_NO_PIC = NO;
				GCC_NO_COMMON_BLOCKS = YES;
				GCC_OPTIMIZATION_LEVEL = 0;
				GCC_PREPROCESSOR_DEFINITIONS = (
					"DEBUG=1",
					"$(inherited)",
				);
				GCC_WARN_64_TO_32_BIT_CONVERSION = YES;
				GCC_WARN_ABOUT_RETURN_TYPE = YES_ERROR;
				GCC_WARN_UNDECLARED_SELECTOR = YES;
				GCC_WARN_UNINITIALIZED_AUTOS = YES_AGGRESSIVE;
				GCC_WARN_UNUSED_FUNCTION = YES;
				GCC_WARN_UNUSED_VARIABLE = YES;
				IPHONEOS_DEPLOYMENT_TARGET = 12.1;
				MTL_ENABLE_DEBUG_INFO = INCLUDE_SOURCE;
				MTL_FAST_MATH = YES;
				ONLY_ACTIVE_ARCH = YES;
				SDKROOT = iphoneos;
			};
			name = Debug;
		};
		8442447D225C46CE00EB432E /* Release */ = {
			isa = XCBuildConfiguration;
			buildSettings = {
				ALWAYS_SEARCH_USER_PATHS = NO;
				CLANG_ANALYZER_NONNULL = YES;
				CLANG_ANALYZER_NUMBER_OBJECT_CONVERSION = YES_AGGRESSIVE;
				CLANG_CXX_LANGUAGE_STANDARD = "gnu++14";
				CLANG_CXX_LIBRARY = "libc++";
				CLANG_ENABLE_MODULES = YES;
				CLANG_ENABLE_OBJC_ARC = YES;
				CLANG_ENABLE_OBJC_WEAK = YES;
				CLANG_WARN_BLOCK_CAPTURE_AUTORELEASING = YES;
				CLANG_WARN_BOOL_CONVERSION = YES;
				CLANG_WARN_COMMA = YES;
				CLANG_WARN_CONSTANT_CONVERSION = YES;
				CLANG_WARN_DEPRECATED_OBJC_IMPLEMENTATIONS = YES;
				CLANG_WARN_DIRECT_OBJC_ISA_USAGE = YES_ERROR;
				CLANG_WARN_DOCUMENTATION_COMMENTS = YES;
				CLANG_WARN_EMPTY_BODY = YES;
				CLANG_WARN_ENUM_CONVERSION = YES;
				CLANG_WARN_INFINITE_RECURSION = YES;
				CLANG_WARN_INT_CONVERSION = YES;
				CLANG_WARN_NON_LITERAL_NULL_CONVERSION = YES;
				CLANG_WARN_OBJC_IMPLICIT_RETAIN_SELF = YES;
				CLANG_WARN_OBJC_LITERAL_CONVERSION = YES;
				CLANG_WARN_OBJC_ROOT_CLASS = YES_ERROR;
				CLANG_WARN_RANGE_LOOP_ANALYSIS = YES;
				CLANG_WARN_STRICT_PROTOTYPES = YES;
				CLANG_WARN_SUSPICIOUS_MOVE = YES;
				CLANG_WARN_UNGUARDED_AVAILABILITY = YES_AGGRESSIVE;
				CLANG_WARN_UNREACHABLE_CODE = YES;
				CLANG_WARN__DUPLICATE_METHOD_MATCH = YES;
				CODE_SIGN_IDENTITY = "iPhone Developer";
				COPY_PHASE_STRIP = NO;
				DEBUG_INFORMATION_FORMAT = "dwarf-with-dsym";
				ENABLE_NS_ASSERTIONS = NO;
				ENABLE_STRICT_OBJC_MSGSEND = YES;
				GCC_C_LANGUAGE_STANDARD = gnu11;
				GCC_NO_COMMON_BLOCKS = YES;
				GCC_WARN_64_TO_32_BIT_CONVERSION = YES;
				GCC_WARN_ABOUT_RETURN_TYPE = YES_ERROR;
				GCC_WARN_UNDECLARED_SELECTOR = YES;
				GCC_WARN_UNINITIALIZED_AUTOS = YES_AGGRESSIVE;
				GCC_WARN_UNUSED_FUNCTION = YES;
				GCC_WARN_UNUSED_VARIABLE = YES;
				IPHONEOS_DEPLOYMENT_TARGET = 12.1;
				MTL_ENABLE_DEBUG_INFO = NO;
				MTL_FAST_MATH = YES;
				SDKROOT = iphoneos;
				VALIDATE_PRODUCT = YES;
			};
			name = Release;
		};
		8442447F225C46CE00EB432E /* Debug */ = {
			isa = XCBuildConfiguration;
			buildSettings = {
				ASSETCATALOG_COMPILER_APPICON_NAME = AppIcon;
				CODE_SIGN_STYLE = Automatic;
				DEVELOPMENT_TEAM = TZUL3JZQ3E;
				INFOPLIST_FILE = CZUIComponent/Info.plist;
				LD_RUNPATH_SEARCH_PATHS = (
					"$(inherited)",
					"@executable_path/Frameworks",
				);
				PRODUCT_BUNDLE_IDENTIFIER = com.juyiwei.CZUIComponent;
				PRODUCT_NAME = "$(TARGET_NAME)";
				TARGETED_DEVICE_FAMILY = "1,2";
			};
			name = Debug;
		};
		84424480225C46CE00EB432E /* Release */ = {
			isa = XCBuildConfiguration;
			buildSettings = {
				ASSETCATALOG_COMPILER_APPICON_NAME = AppIcon;
				CODE_SIGN_STYLE = Automatic;
				DEVELOPMENT_TEAM = TZUL3JZQ3E;
				INFOPLIST_FILE = CZUIComponent/Info.plist;
				LD_RUNPATH_SEARCH_PATHS = (
					"$(inherited)",
					"@executable_path/Frameworks",
				);
				PRODUCT_BUNDLE_IDENTIFIER = com.juyiwei.CZUIComponent;
				PRODUCT_NAME = "$(TARGET_NAME)";
				TARGETED_DEVICE_FAMILY = "1,2";
			};
			name = Release;
		};
		84424482225C46CE00EB432E /* Debug */ = {
			isa = XCBuildConfiguration;
			buildSettings = {
				BUNDLE_LOADER = "$(TEST_HOST)";
				CODE_SIGN_STYLE = Automatic;
				DEVELOPMENT_TEAM = TZUL3JZQ3E;
				INFOPLIST_FILE = CZUIComponentTests/Info.plist;
				LD_RUNPATH_SEARCH_PATHS = (
					"$(inherited)",
					"@executable_path/Frameworks",
					"@loader_path/Frameworks",
				);
				PRODUCT_BUNDLE_IDENTIFIER = com.juyiwei.CZUIComponentTests;
				PRODUCT_NAME = "$(TARGET_NAME)";
				TARGETED_DEVICE_FAMILY = "1,2";
				TEST_HOST = "$(BUILT_PRODUCTS_DIR)/CZUIComponent.app/CZUIComponent";
			};
			name = Debug;
		};
		84424483225C46CE00EB432E /* Release */ = {
			isa = XCBuildConfiguration;
			buildSettings = {
				BUNDLE_LOADER = "$(TEST_HOST)";
				CODE_SIGN_STYLE = Automatic;
				DEVELOPMENT_TEAM = TZUL3JZQ3E;
				INFOPLIST_FILE = CZUIComponentTests/Info.plist;
				LD_RUNPATH_SEARCH_PATHS = (
					"$(inherited)",
					"@executable_path/Frameworks",
					"@loader_path/Frameworks",
				);
				PRODUCT_BUNDLE_IDENTIFIER = com.juyiwei.CZUIComponentTests;
				PRODUCT_NAME = "$(TARGET_NAME)";
				TARGETED_DEVICE_FAMILY = "1,2";
				TEST_HOST = "$(BUILT_PRODUCTS_DIR)/CZUIComponent.app/CZUIComponent";
			};
			name = Release;
		};
		84424485225C46CE00EB432E /* Debug */ = {
			isa = XCBuildConfiguration;
			buildSettings = {
				CODE_SIGN_STYLE = Automatic;
				DEVELOPMENT_TEAM = TZUL3JZQ3E;
				INFOPLIST_FILE = CZUIComponentUITests/Info.plist;
				LD_RUNPATH_SEARCH_PATHS = (
					"$(inherited)",
					"@executable_path/Frameworks",
					"@loader_path/Frameworks",
				);
				PRODUCT_BUNDLE_IDENTIFIER = com.juyiwei.CZUIComponentUITests;
				PRODUCT_NAME = "$(TARGET_NAME)";
				TARGETED_DEVICE_FAMILY = "1,2";
				TEST_TARGET_NAME = CZUIComponent;
			};
			name = Debug;
		};
		84424486225C46CE00EB432E /* Release */ = {
			isa = XCBuildConfiguration;
			buildSettings = {
				CODE_SIGN_STYLE = Automatic;
				DEVELOPMENT_TEAM = TZUL3JZQ3E;
				INFOPLIST_FILE = CZUIComponentUITests/Info.plist;
				LD_RUNPATH_SEARCH_PATHS = (
					"$(inherited)",
					"@executable_path/Frameworks",
					"@loader_path/Frameworks",
				);
				PRODUCT_BUNDLE_IDENTIFIER = com.juyiwei.CZUIComponentUITests;
				PRODUCT_NAME = "$(TARGET_NAME)";
				TARGETED_DEVICE_FAMILY = "1,2";
				TEST_TARGET_NAME = CZUIComponent;
			};
			name = Release;
		};
/* End XCBuildConfiguration section */

/* Begin XCConfigurationList section */
		8442444D225C46CD00EB432E /* Build configuration list for PBXProject "CZUIComponent" */ = {
			isa = XCConfigurationList;
			buildConfigurations = (
				8442447C225C46CE00EB432E /* Debug */,
				8442447D225C46CE00EB432E /* Release */,
			);
			defaultConfigurationIsVisible = 0;
			defaultConfigurationName = Release;
		};
		8442447E225C46CE00EB432E /* Build configuration list for PBXNativeTarget "CZUIComponent" */ = {
			isa = XCConfigurationList;
			buildConfigurations = (
				8442447F225C46CE00EB432E /* Debug */,
				84424480225C46CE00EB432E /* Release */,
			);
			defaultConfigurationIsVisible = 0;
			defaultConfigurationName = Release;
		};
		84424481225C46CE00EB432E /* Build configuration list for PBXNativeTarget "CZUIComponentTests" */ = {
			isa = XCConfigurationList;
			buildConfigurations = (
				84424482225C46CE00EB432E /* Debug */,
				84424483225C46CE00EB432E /* Release */,
			);
			defaultConfigurationIsVisible = 0;
			defaultConfigurationName = Release;
		};
		84424484225C46CE00EB432E /* Build configuration list for PBXNativeTarget "CZUIComponentUITests" */ = {
			isa = XCConfigurationList;
			buildConfigurations = (
				84424485225C46CE00EB432E /* Debug */,
				84424486225C46CE00EB432E /* Release */,
			);
			defaultConfigurationIsVisible = 0;
			defaultConfigurationName = Release;
		};
/* End XCConfigurationList section */
	};
	rootObject = 8442444A225C46CD00EB432E /* Project object */;
}
